
Microsoft Visual Studio Solution File, Format Version 12.00
# Visual Studio Version 17
VisualStudioVersion = 17.6.33815.320
MinimumVisualStudioVersion = 10.0.40219.1
Project("{FAE04EC0-301F-11D3-BF4B-00C04F79EFBC}") = "Kafka", "Kafka\Kafka.csproj", "{C36D7607-5901-479E-A11E-B27336021ADD}"
EndProject
Global
	GlobalSection(SolutionConfigurationPlatforms) = preSolution
		Debug|Any CPU = Debug|Any CPU
		Release|Any CPU = Release|Any CPU
	EndGlobalSection
	GlobalSection(ProjectConfigurationPlatforms) = postSolution
		{C36D7607-5901-479E-A11E-B27336021ADD}.Debug|Any CPU.ActiveCfg = Debug|Any CPU
		{C36D7607-5901-479E-A11E-B27336021ADD}.Debug|Any CPU.Build.0 = Debug|Any CPU
		{C36D7607-5901-479E-A11E-B27336021ADD}.Release|Any CPU.ActiveCfg = Release|Any CPU
		{C36D7607-5901-479E-A11E-B27336021ADD}.Release|Any CPU.Build.0 = Release|Any CPU
	EndGlobalSection
	GlobalSection(SolutionProperties) = preSolution
		HideSolutionNode = FALSE
	EndGlobalSection
	GlobalSection(ExtensibilityGlobals) = postSolution
		SolutionGuid = {ABF89565-BA62-4F11-B7E8-85FCA3E46EB3}
	EndGlobalSection
EndGlobal
